
Microsoft Visual Studio Solution File, Format Version 12.00
# Visual Studio 15
VisualStudioVersion = 15.0.28307.1831
MinimumVisualStudioVersion = 10.0.40219.1
Project("{159641D6-6404-4A2A-AE62-294DE0FE8301}") = "DWH Project", "DWH Project\DWH Project.dtproj", "{7D844047-2929-4FEE-B52E-91A668CDE207}"
EndProject
Global
	GlobalSection(SolutionConfigurationPlatforms) = preSolution
		Development|Default = Development|Default
	EndGlobalSection
	GlobalSection(ProjectConfigurationPlatforms) = postSolution
		{7D844047-2929-4FEE-B52E-91A668CDE207}.Development|Default.ActiveCfg = Development
		{7D844047-2929-4FEE-B52E-91A668CDE207}.Development|Default.Build.0 = Development
	EndGlobalSection
	GlobalSection(SolutionProperties) = preSolution
		HideSolutionNode = FALSE
	EndGlobalSection
	GlobalSection(ExtensibilityGlobals) = postSolution
		SolutionGuid = {966736F9-A339-4137-974E-87CF2BD677CA}
	EndGlobalSection
EndGlobal
